// !$*UTF8*$!
{
	archiveVersion = 1;
	classes = {
	};
	objectVersion = 50;
	objects = {

/* Begin PBXBuildFile section */
		3E13D53724D65E4400022542 /* AppDelegate.swift in Sources */ = {isa = PBXBuildFile; fileRef = 3E13D53624D65E4400022542 /* AppDelegate.swift */; };
		3E13D53924D65E4400022542 /* SceneDelegate.swift in Sources */ = {isa = PBXBuildFile; fileRef = 3E13D53824D65E4400022542 /* SceneDelegate.swift */; };
		3E13D53E24D65E4400022542 /* Main.storyboard in Resources */ = {isa = PBXBuildFile; fileRef = 3E13D53C24D65E4400022542 /* Main.storyboard */; };
		3E13D54124D65E4400022542 /* MyRecords.xcdatamodeld in Sources */ = {isa = PBXBuildFile; fileRef = 3E13D53F24D65E4400022542 /* MyRecords.xcdatamodeld */; };
		3E13D54324D65E4600022542 /* Assets.xcassets in Resources */ = {isa = PBXBuildFile; fileRef = 3E13D54224D65E4600022542 /* Assets.xcassets */; };
		3E13D54624D65E4600022542 /* LaunchScreen.storyboard in Resources */ = {isa = PBXBuildFile; fileRef = 3E13D54424D65E4600022542 /* LaunchScreen.storyboard */; };
		3E13D55124D65E4600022542 /* MyRecordsTests.swift in Sources */ = {isa = PBXBuildFile; fileRef = 3E13D55024D65E4600022542 /* MyRecordsTests.swift */; };
		3E13D55C24D65E4600022542 /* MyRecordsUITests.swift in Sources */ = {isa = PBXBuildFile; fileRef = 3E13D55B24D65E4600022542 /* MyRecordsUITests.swift */; };
		3E45763D24E2CC9E0099D281 /* RecordListViewModel.swift in Sources */ = {isa = PBXBuildFile; fileRef = 3E45763C24E2CC9E0099D281 /* RecordListViewModel.swift */; };
		3E45764024E2CD1A0099D281 /* BaseApiClient.swift in Sources */ = {isa = PBXBuildFile; fileRef = 3E45763F24E2CD1A0099D281 /* BaseApiClient.swift */; };
		3E45764224E2CF1C0099D281 /* RecordsApiClient.swift in Sources */ = {isa = PBXBuildFile; fileRef = 3E45764124E2CF1C0099D281 /* RecordsApiClient.swift */; };
		3E45764924E2D2120099D281 /* Fields.swift in Sources */ = {isa = PBXBuildFile; fileRef = 3E45764424E2D2120099D281 /* Fields.swift */; };
		3E45764A24E2D2120099D281 /* Json4Swift_Base.swift in Sources */ = {isa = PBXBuildFile; fileRef = 3E45764524E2D2120099D281 /* Json4Swift_Base.swift */; };
		3E45764B24E2D2120099D281 /* Result.swift in Sources */ = {isa = PBXBuildFile; fileRef = 3E45764624E2D2120099D281 /* Result.swift */; };
		3E45764C24E2D2120099D281 /* _links.swift in Sources */ = {isa = PBXBuildFile; fileRef = 3E45764724E2D2120099D281 /* _links.swift */; };
		3E45764D24E2D2120099D281 /* Records.swift in Sources */ = {isa = PBXBuildFile; fileRef = 3E45764824E2D2120099D281 /* Records.swift */; };
		3E94E64624D7B8AA006705DC /* RecordsViewController.swift in Sources */ = {isa = PBXBuildFile; fileRef = 3E94E64024D7B8AA006705DC /* RecordsViewController.swift */; };
		3E94E64724D7B8AA006705DC /* RecordsTableViewCell.swift in Sources */ = {isa = PBXBuildFile; fileRef = 3E94E64124D7B8AA006705DC /* RecordsTableViewCell.swift */; };
		3E94E64C24D7B8FA006705DC /* eminem_1.png in Resources */ = {isa = PBXBuildFile; fileRef = 3E94E64924D7B8FA006705DC /* eminem_1.png */; };
		3EB0DC9924E2D79800E7BEDE /* Bindable.swift in Sources */ = {isa = PBXBuildFile; fileRef = 3EB0DC9824E2D79800E7BEDE /* Bindable.swift */; };
		3EB0DC9C24E2D84A00E7BEDE /* Record+CoreDataClass.swift in Sources */ = {isa = PBXBuildFile; fileRef = 3EB0DC9A24E2D84A00E7BEDE /* Record+CoreDataClass.swift */; };
		3EB0DC9D24E2D84A00E7BEDE /* Record+CoreDataProperties.swift in Sources */ = {isa = PBXBuildFile; fileRef = 3EB0DC9B24E2D84A00E7BEDE /* Record+CoreDataProperties.swift */; };
/* End PBXBuildFile section */

/* Begin PBXContainerItemProxy section */
		3E13D54D24D65E4600022542 /* PBXContainerItemProxy */ = {
			isa = PBXContainerItemProxy;
			containerPortal = 3E13D52B24D65E4300022542 /* Project object */;
			proxyType = 1;
			remoteGlobalIDString = 3E13D53224D65E4400022542;
			remoteInfo = MyRecords;
		};
		3E13D55824D65E4600022542 /* PBXContainerItemProxy */ = {
			isa = PBXContainerItemProxy;
			containerPortal = 3E13D52B24D65E4300022542 /* Project object */;
			proxyType = 1;
			remoteGlobalIDString = 3E13D53224D65E4400022542;
			remoteInfo = MyRecords;
		};
/* End PBXContainerItemProxy section */

/* Begin PBXFileReference section */
		3E13D53324D65E4400022542 /* MyRecords.app */ = {isa = PBXFileReference; explicitFileType = wrapper.application; includeInIndex = 0; path = MyRecords.app; sourceTree = BUILT_PRODUCTS_DIR; };
		3E13D53624D65E4400022542 /* AppDelegate.swift */ = {isa = PBXFileReference; lastKnownFileType = sourcecode.swift; path = AppDelegate.swift; sourceTree = "<group>"; };
		3E13D53824D65E4400022542 /* SceneDelegate.swift */ = {isa = PBXFileReference; lastKnownFileType = sourcecode.swift; path = SceneDelegate.swift; sourceTree = "<group>"; };
		3E13D53D24D65E4400022542 /* Base */ = {isa = PBXFileReference; lastKnownFileType = file.storyboard; name = Base; path = Base.lproj/Main.storyboard; sourceTree = "<group>"; };
		3E13D54024D65E4400022542 /* MyRecords.xcdatamodel */ = {isa = PBXFileReference; lastKnownFileType = wrapper.xcdatamodel; path = MyRecords.xcdatamodel; sourceTree = "<group>"; };
		3E13D54224D65E4600022542 /* Assets.xcassets */ = {isa = PBXFileReference; lastKnownFileType = folder.assetcatalog; path = Assets.xcassets; sourceTree = "<group>"; };
		3E13D54524D65E4600022542 /* Base */ = {isa = PBXFileReference; lastKnownFileType = file.storyboard; name = Base; path = Base.lproj/LaunchScreen.storyboard; sourceTree = "<group>"; };
		3E13D54724D65E4600022542 /* Info.plist */ = {isa = PBXFileReference; lastKnownFileType = text.plist.xml; path = Info.plist; sourceTree = "<group>"; };
		3E13D54C24D65E4600022542 /* MyRecordsTests.xctest */ = {isa = PBXFileReference; explicitFileType = wrapper.cfbundle; includeInIndex = 0; path = MyRecordsTests.xctest; sourceTree = BUILT_PRODUCTS_DIR; };
		3E13D55024D65E4600022542 /* MyRecordsTests.swift */ = {isa = PBXFileReference; lastKnownFileType = sourcecode.swift; path = MyRecordsTests.swift; sourceTree = "<group>"; };
		3E13D55224D65E4600022542 /* Info.plist */ = {isa = PBXFileReference; lastKnownFileType = text.plist.xml; path = Info.plist; sourceTree = "<group>"; };
		3E13D55724D65E4600022542 /* MyRecordsUITests.xctest */ = {isa = PBXFileReference; explicitFileType = wrapper.cfbundle; includeInIndex = 0; path = MyRecordsUITests.xctest; sourceTree = BUILT_PRODUCTS_DIR; };
		3E13D55B24D65E4600022542 /* MyRecordsUITests.swift */ = {isa = PBXFileReference; lastKnownFileType = sourcecode.swift; path = MyRecordsUITests.swift; sourceTree = "<group>"; };
		3E13D55D24D65E4600022542 /* Info.plist */ = {isa = PBXFileReference; lastKnownFileType = text.plist.xml; path = Info.plist; sourceTree = "<group>"; };
		3E45763C24E2CC9E0099D281 /* RecordListViewModel.swift */ = {isa = PBXFileReference; lastKnownFileType = sourcecode.swift; path = RecordListViewModel.swift; sourceTree = "<group>"; };
		3E45763F24E2CD1A0099D281 /* BaseApiClient.swift */ = {isa = PBXFileReference; lastKnownFileType = sourcecode.swift; path = BaseApiClient.swift; sourceTree = "<group>"; };
		3E45764124E2CF1C0099D281 /* RecordsApiClient.swift */ = {isa = PBXFileReference; lastKnownFileType = sourcecode.swift; path = RecordsApiClient.swift; sourceTree = "<group>"; };
		3E45764424E2D2120099D281 /* Fields.swift */ = {isa = PBXFileReference; fileEncoding = 4; lastKnownFileType = sourcecode.swift; path = Fields.swift; sourceTree = "<group>"; };
		3E45764524E2D2120099D281 /* Json4Swift_Base.swift */ = {isa = PBXFileReference; fileEncoding = 4; lastKnownFileType = sourcecode.swift; path = Json4Swift_Base.swift; sourceTree = "<group>"; };
		3E45764624E2D2120099D281 /* Result.swift */ = {isa = PBXFileReference; fileEncoding = 4; lastKnownFileType = sourcecode.swift; path = Result.swift; sourceTree = "<group>"; };
		3E45764724E2D2120099D281 /* _links.swift */ = {isa = PBXFileReference; fileEncoding = 4; lastKnownFileType = sourcecode.swift; path = _links.swift; sourceTree = "<group>"; };
		3E45764824E2D2120099D281 /* Records.swift */ = {isa = PBXFileReference; fileEncoding = 4; lastKnownFileType = sourcecode.swift; path = Records.swift; sourceTree = "<group>"; };
		3E94E64024D7B8AA006705DC /* RecordsViewController.swift */ = {isa = PBXFileReference; fileEncoding = 4; lastKnownFileType = sourcecode.swift; path = RecordsViewController.swift; sourceTree = "<group>"; };
		3E94E64124D7B8AA006705DC /* RecordsTableViewCell.swift */ = {isa = PBXFileReference; fileEncoding = 4; lastKnownFileType = sourcecode.swift; path = RecordsTableViewCell.swift; sourceTree = "<group>"; };
		3E94E64924D7B8FA006705DC /* eminem_1.png */ = {isa = PBXFileReference; lastKnownFileType = image.png; path = eminem_1.png; sourceTree = "<group>"; };
		3EB0DC9824E2D79800E7BEDE /* Bindable.swift */ = {isa = PBXFileReference; fileEncoding = 4; lastKnownFileType = sourcecode.swift; name = Bindable.swift; path = MyRecords/Application/Protocols/Bindable.swift; sourceTree = SOURCE_ROOT; };
		3EB0DC9A24E2D84A00E7BEDE /* Record+CoreDataClass.swift */ = {isa = PBXFileReference; lastKnownFileType = sourcecode.swift; path = "Record+CoreDataClass.swift"; sourceTree = "<group>"; };
		3EB0DC9B24E2D84A00E7BEDE /* Record+CoreDataProperties.swift */ = {isa = PBXFileReference; lastKnownFileType = sourcecode.swift; path = "Record+CoreDataProperties.swift"; sourceTree = "<group>"; };
/* End PBXFileReference section */

/* Begin PBXFrameworksBuildPhase section */
		3E13D53024D65E4400022542 /* Frameworks */ = {
			isa = PBXFrameworksBuildPhase;
			buildActionMask = 2147483647;
			files = (
			);
			runOnlyForDeploymentPostprocessing = 0;
		};
		3E13D54924D65E4600022542 /* Frameworks */ = {
			isa = PBXFrameworksBuildPhase;
			buildActionMask = 2147483647;
			files = (
			);
			runOnlyForDeploymentPostprocessing = 0;
		};
		3E13D55424D65E4600022542 /* Frameworks */ = {
			isa = PBXFrameworksBuildPhase;
			buildActionMask = 2147483647;
			files = (
			);
			runOnlyForDeploymentPostprocessing = 0;
		};
/* End PBXFrameworksBuildPhase section */

/* Begin PBXGroup section */
		3E13D52A24D65E4300022542 = {
			isa = PBXGroup;
			children = (
				3E13D53524D65E4400022542 /* MyRecords */,
				3E13D54F24D65E4600022542 /* MyRecordsTests */,
				3E13D55A24D65E4600022542 /* MyRecordsUITests */,
				3E13D53424D65E4400022542 /* Products */,
			);
			sourceTree = "<group>";
		};
		3E13D53424D65E4400022542 /* Products */ = {
			isa = PBXGroup;
			children = (
				3E13D53324D65E4400022542 /* MyRecords.app */,
				3E13D54C24D65E4600022542 /* MyRecordsTests.xctest */,
				3E13D55724D65E4600022542 /* MyRecordsUITests.xctest */,
			);
			name = Products;
			sourceTree = "<group>";
		};
		3E13D53524D65E4400022542 /* MyRecords */ = {
			isa = PBXGroup;
			children = (
				3E94E63924D7B8AA006705DC /* Application */,
				3E13D54224D65E4600022542 /* Assets.xcassets */,
				3E13D54724D65E4600022542 /* Info.plist */,
				3E13D54424D65E4600022542 /* LaunchScreen.storyboard */,
			);
			path = MyRecords;
			sourceTree = "<group>";
		};
		3E13D54F24D65E4600022542 /* MyRecordsTests */ = {
			isa = PBXGroup;
			children = (
				3E13D55024D65E4600022542 /* MyRecordsTests.swift */,
				3E13D55224D65E4600022542 /* Info.plist */,
			);
			path = MyRecordsTests;
			sourceTree = "<group>";
		};
		3E13D55A24D65E4600022542 /* MyRecordsUITests */ = {
			isa = PBXGroup;
			children = (
				3E13D55B24D65E4600022542 /* MyRecordsUITests.swift */,
				3E13D55D24D65E4600022542 /* Info.plist */,
			);
			path = MyRecordsUITests;
			sourceTree = "<group>";
		};
		3E45763B24E2CC8E0099D281 /* ViewModel */ = {
			isa = PBXGroup;
			children = (
				3E45763C24E2CC9E0099D281 /* RecordListViewModel.swift */,
			);
			path = ViewModel;
			sourceTree = "<group>";
		};
		3E45763E24E2CCB60099D281 /* ApiClient */ = {
			isa = PBXGroup;
			children = (
				3E45763F24E2CD1A0099D281 /* BaseApiClient.swift */,
				3E45764124E2CF1C0099D281 /* RecordsApiClient.swift */,
			);
			path = ApiClient;
			sourceTree = "<group>";
		};
		3E45764324E2D2120099D281 /* codable */ = {
			isa = PBXGroup;
			children = (
				3E45764424E2D2120099D281 /* Fields.swift */,
				3E45764524E2D2120099D281 /* Json4Swift_Base.swift */,
				3E45764624E2D2120099D281 /* Result.swift */,
				3E45764724E2D2120099D281 /* _links.swift */,
				3E45764824E2D2120099D281 /* Records.swift */,
			);
			path = codable;
			sourceTree = "<group>";
		};
		3E70120D24E2F1C20070925F /* DatabaseModel */ = {
			isa = PBXGroup;
			children = (
				3E13D53F24D65E4400022542 /* MyRecords.xcdatamodeld */,
				3EB0DC9A24E2D84A00E7BEDE /* Record+CoreDataClass.swift */,
				3EB0DC9B24E2D84A00E7BEDE /* Record+CoreDataProperties.swift */,
			);
			path = DatabaseModel;
			sourceTree = "<group>";
		};
		3E70120E24E2F1E40070925F /* Protocols */ = {
			isa = PBXGroup;
			children = (
				3EB0DC9824E2D79800E7BEDE /* Bindable.swift */,
			);
			path = Protocols;
			sourceTree = "<group>";
		};
		3E70120F24E2F2030070925F /* View */ = {
			isa = PBXGroup;
			children = (
				3E13D53C24D65E4400022542 /* Main.storyboard */,
				3E94E64024D7B8AA006705DC /* RecordsViewController.swift */,
				3E94E64124D7B8AA006705DC /* RecordsTableViewCell.swift */,
			);
			path = View;
			sourceTree = "<group>";
		};
		3E70121024E2F2660070925F /* SupportingFiles */ = {
			isa = PBXGroup;
			children = (
				3E13D53624D65E4400022542 /* AppDelegate.swift */,
				3E13D53824D65E4400022542 /* SceneDelegate.swift */,
			);
			path = SupportingFiles;
			sourceTree = "<group>";
		};
		3E94E63924D7B8AA006705DC /* Application */ = {
			isa = PBXGroup;
			children = (
				3E70121024E2F2660070925F /* SupportingFiles */,
				3E45763E24E2CCB60099D281 /* ApiClient */,
				3E70120E24E2F1E40070925F /* Protocols */,
				3E70120D24E2F1C20070925F /* DatabaseModel */,
				3E45764324E2D2120099D281 /* codable */,
				3E94E64824D7B8FA006705DC /* Assets */,
				3E94E63F24D7B8AA006705DC /* RecordList */,
			);
			path = Application;
			sourceTree = "<group>";
		};
		3E94E63F24D7B8AA006705DC /* RecordList */ = {
			isa = PBXGroup;
			children = (
				3E70120F24E2F2030070925F /* View */,
				3E45763B24E2CC8E0099D281 /* ViewModel */,
				3E94E64E24D7B901006705DC /* Models */,
			);
			path = RecordList;
			sourceTree = "<group>";
		};
		3E94E64824D7B8FA006705DC /* Assets */ = {
			isa = PBXGroup;
			children = (
				3E94E64924D7B8FA006705DC /* eminem_1.png */,
			);
			path = Assets;
			sourceTree = "<group>";
		};
		3E94E64E24D7B901006705DC /* Models */ = {
			isa = PBXGroup;
			children = (
			);
			path = Models;
			sourceTree = "<group>";
		};
/* End PBXGroup section */

/* Begin PBXNativeTarget section */
		3E13D53224D65E4400022542 /* MyRecords */ = {
			isa = PBXNativeTarget;
			buildConfigurationList = 3E13D56024D65E4600022542 /* Build configuration list for PBXNativeTarget "MyRecords" */;
			buildPhases = (
				3E13D52F24D65E4400022542 /* Sources */,
				3E13D53024D65E4400022542 /* Frameworks */,
				3E13D53124D65E4400022542 /* Resources */,
			);
			buildRules = (
			);
			dependencies = (
			);
			name = MyRecords;
			productName = MyRecords;
			productReference = 3E13D53324D65E4400022542 /* MyRecords.app */;
			productType = "com.apple.product-type.application";
		};
		3E13D54B24D65E4600022542 /* MyRecordsTests */ = {
			isa = PBXNativeTarget;
			buildConfigurationList = 3E13D56324D65E4600022542 /* Build configuration list for PBXNativeTarget "MyRecordsTests" */;
			buildPhases = (
				3E13D54824D65E4600022542 /* Sources */,
				3E13D54924D65E4600022542 /* Frameworks */,
				3E13D54A24D65E4600022542 /* Resources */,
			);
			buildRules = (
			);
			dependencies = (
				3E13D54E24D65E4600022542 /* PBXTargetDependency */,
			);
			name = MyRecordsTests;
			productName = MyRecordsTests;
			productReference = 3E13D54C24D65E4600022542 /* MyRecordsTests.xctest */;
			productType = "com.apple.product-type.bundle.unit-test";
		};
		3E13D55624D65E4600022542 /* MyRecordsUITests */ = {
			isa = PBXNativeTarget;
			buildConfigurationList = 3E13D56624D65E4600022542 /* Build configuration list for PBXNativeTarget "MyRecordsUITests" */;
			buildPhases = (
				3E13D55324D65E4600022542 /* Sources */,
				3E13D55424D65E4600022542 /* Frameworks */,
				3E13D55524D65E4600022542 /* Resources */,
			);
			buildRules = (
			);
			dependencies = (
				3E13D55924D65E4600022542 /* PBXTargetDependency */,
			);
			name = MyRecordsUITests;
			productName = MyRecordsUITests;
			productReference = 3E13D55724D65E4600022542 /* MyRecordsUITests.xctest */;
			productType = "com.apple.product-type.bundle.ui-testing";
		};
/* End PBXNativeTarget section */

/* Begin PBXProject section */
		3E13D52B24D65E4300022542 /* Project object */ = {
			isa = PBXProject;
			attributes = {
				LastSwiftUpdateCheck = 1140;
				LastUpgradeCheck = 1140;
				ORGANIZATIONNAME = "Sumeet Agarwal";
				TargetAttributes = {
					3E13D53224D65E4400022542 = {
						CreatedOnToolsVersion = 11.4;
					};
					3E13D54B24D65E4600022542 = {
						CreatedOnToolsVersion = 11.4;
						TestTargetID = 3E13D53224D65E4400022542;
					};
					3E13D55624D65E4600022542 = {
						CreatedOnToolsVersion = 11.4;
						TestTargetID = 3E13D53224D65E4400022542;
					};
				};
			};
			buildConfigurationList = 3E13D52E24D65E4300022542 /* Build configuration list for PBXProject "MyRecords" */;
			compatibilityVersion = "Xcode 9.3";
			developmentRegion = en;
			hasScannedForEncodings = 0;
			knownRegions = (
				en,
				Base,
			);
			mainGroup = 3E13D52A24D65E4300022542;
			productRefGroup = 3E13D53424D65E4400022542 /* Products */;
			projectDirPath = "";
			projectRoot = "";
			targets = (
				3E13D53224D65E4400022542 /* MyRecords */,
				3E13D54B24D65E4600022542 /* MyRecordsTests */,
				3E13D55624D65E4600022542 /* MyRecordsUITests */,
			);
		};
/* End PBXProject section */

/* Begin PBXResourcesBuildPhase section */
		3E13D53124D65E4400022542 /* Resources */ = {
			isa = PBXResourcesBuildPhase;
			buildActionMask = 2147483647;
			files = (
				3E13D54624D65E4600022542 /* LaunchScreen.storyboard in Resources */,
				3E13D54324D65E4600022542 /* Assets.xcassets in Resources */,
				3E94E64C24D7B8FA006705DC /* eminem_1.png in Resources */,
				3E13D53E24D65E4400022542 /* Main.storyboard in Resources */,
			);
			runOnlyForDeploymentPostprocessing = 0;
		};
		3E13D54A24D65E4600022542 /* Resources */ = {
			isa = PBXResourcesBuildPhase;
			buildActionMask = 2147483647;
			files = (
			);
			runOnlyForDeploymentPostprocessing = 0;
		};
		3E13D55524D65E4600022542 /* Resources */ = {
			isa = PBXResourcesBuildPhase;
			buildActionMask = 2147483647;
			files = (
			);
			runOnlyForDeploymentPostprocessing = 0;
		};
/* End PBXResourcesBuildPhase section */

/* Begin PBXSourcesBuildPhase section */
		3E13D52F24D65E4400022542 /* Sources */ = {
			isa = PBXSourcesBuildPhase;
			buildActionMask = 2147483647;
			files = (
				3E45764924E2D2120099D281 /* Fields.swift in Sources */,
				3E45764B24E2D2120099D281 /* Result.swift in Sources */,
				3E45764D24E2D2120099D281 /* Records.swift in Sources */,
				3EB0DC9C24E2D84A00E7BEDE /* Record+CoreDataClass.swift in Sources */,
				3EB0DC9D24E2D84A00E7BEDE /* Record+CoreDataProperties.swift in Sources */,
				3E94E64724D7B8AA006705DC /* RecordsTableViewCell.swift in Sources */,
				3E45764024E2CD1A0099D281 /* BaseApiClient.swift in Sources */,
				3E13D53724D65E4400022542 /* AppDelegate.swift in Sources */,
				3E45764A24E2D2120099D281 /* Json4Swift_Base.swift in Sources */,
				3E45763D24E2CC9E0099D281 /* RecordListViewModel.swift in Sources */,
				3E94E64624D7B8AA006705DC /* RecordsViewController.swift in Sources */,
				3EB0DC9924E2D79800E7BEDE /* Bindable.swift in Sources */,
				3E13D54124D65E4400022542 /* MyRecords.xcdatamodeld in Sources */,
				3E13D53924D65E4400022542 /* SceneDelegate.swift in Sources */,
				3E45764C24E2D2120099D281 /* _links.swift in Sources */,
				3E45764224E2CF1C0099D281 /* RecordsApiClient.swift in Sources */,
			);
			runOnlyForDeploymentPostprocessing = 0;
		};
		3E13D54824D65E4600022542 /* Sources */ = {
			isa = PBXSourcesBuildPhase;
			buildActionMask = 2147483647;
			files = (
				3E13D55124D65E4600022542 /* MyRecordsTests.swift in Sources */,
			);
			runOnlyForDeploymentPostprocessing = 0;
		};
		3E13D55324D65E4600022542 /* Sources */ = {
			isa = PBXSourcesBuildPhase;
			buildActionMask = 2147483647;
			files = (
				3E13D55C24D65E4600022542 /* MyRecordsUITests.swift in Sources */,
			);
			runOnlyForDeploymentPostprocessing = 0;
		};
/* End PBXSourcesBuildPhase section */

/* Begin PBXTargetDependency section */
		3E13D54E24D65E4600022542 /* PBXTargetDependency */ = {
			isa = PBXTargetDependency;
			target = 3E13D53224D65E4400022542 /* MyRecords */;
			targetProxy = 3E13D54D24D65E4600022542 /* PBXContainerItemProxy */;
		};
		3E13D55924D65E4600022542 /* PBXTargetDependency */ = {
			isa = PBXTargetDependency;
			target = 3E13D53224D65E4400022542 /* MyRecords */;
			targetProxy = 3E13D55824D65E4600022542 /* PBXContainerItemProxy */;
		};
/* End PBXTargetDependency section */

/* Begin PBXVariantGroup section */
		3E13D53C24D65E4400022542 /* Main.storyboard */ = {
			isa = PBXVariantGroup;
			children = (
				3E13D53D24D65E4400022542 /* Base */,
			);
			name = Main.storyboard;
			sourceTree = "<group>";
		};
		3E13D54424D65E4600022542 /* LaunchScreen.storyboard */ = {
			isa = PBXVariantGroup;
			children = (
				3E13D54524D65E4600022542 /* Base */,
			);
			name = LaunchScreen.storyboard;
			sourceTree = "<group>";
		};
/* End PBXVariantGroup section */

/* Begin XCBuildConfiguration section */
		3E13D55E24D65E4600022542 /* Debug */ = {
			isa = XCBuildConfiguration;
			buildSettings = {
				ALWAYS_SEARCH_USER_PATHS = NO;
				CLANG_ANALYZER_NONNULL = YES;
				CLANG_ANALYZER_NUMBER_OBJECT_CONVERSION = YES_AGGRESSIVE;
				CLANG_CXX_LANGUAGE_STANDARD = "gnu++14";
				CLANG_CXX_LIBRARY = "libc++";
				CLANG_ENABLE_MODULES = YES;
				CLANG_ENABLE_OBJC_ARC = YES;
				CLANG_ENABLE_OBJC_WEAK = YES;
				CLANG_WARN_BLOCK_CAPTURE_AUTORELEASING = YES;
				CLANG_WARN_BOOL_CONVERSION = YES;
				CLANG_WARN_COMMA = YES;
				CLANG_WARN_CONSTANT_CONVERSION = YES;
				CLANG_WARN_DEPRECATED_OBJC_IMPLEMENTATIONS = YES;
				CLANG_WARN_DIRECT_OBJC_ISA_USAGE = YES_ERROR;
				CLANG_WARN_DOCUMENTATION_COMMENTS = YES;
				CLANG_WARN_EMPTY_BODY = YES;
				CLANG_WARN_ENUM_CONVERSION = YES;
				CLANG_WARN_INFINITE_RECURSION = YES;
				CLANG_WARN_INT_CONVERSION = YES;
				CLANG_WARN_NON_LITERAL_NULL_CONVERSION = YES;
				CLANG_WARN_OBJC_IMPLICIT_RETAIN_SELF = YES;
				CLANG_WARN_OBJC_LITERAL_CONVERSION = YES;
				CLANG_WARN_OBJC_ROOT_CLASS = YES_ERROR;
				CLANG_WARN_RANGE_LOOP_ANALYSIS = YES;
				CLANG_WARN_STRICT_PROTOTYPES = YES;
				CLANG_WARN_SUSPICIOUS_MOVE = YES;
				CLANG_WARN_UNGUARDED_AVAILABILITY = YES_AGGRESSIVE;
				CLANG_WARN_UNREACHABLE_CODE = YES;
				CLANG_WARN__DUPLICATE_METHOD_MATCH = YES;
				COPY_PHASE_STRIP = NO;
				DEBUG_INFORMATION_FORMAT = dwarf;
				ENABLE_STRICT_OBJC_MSGSEND = YES;
				ENABLE_TESTABILITY = YES;
				GCC_C_LANGUAGE_STANDARD = gnu11;
				GCC_DYNAMIC_NO_PIC = NO;
				GCC_NO_COMMON_BLOCKS = YES;
				GCC_OPTIMIZATION_LEVEL = 0;
				GCC_PREPROCESSOR_DEFINITIONS = (
					"DEBUG=1",
					"$(inherited)",
				);
				GCC_WARN_64_TO_32_BIT_CONVERSION = YES;
				GCC_WARN_ABOUT_RETURN_TYPE = YES_ERROR;
				GCC_WARN_UNDECLARED_SELECTOR = YES;
				GCC_WARN_UNINITIALIZED_AUTOS = YES_AGGRESSIVE;
				GCC_WARN_UNUSED_FUNCTION = YES;
				GCC_WARN_UNUSED_VARIABLE = YES;
				IPHONEOS_DEPLOYMENT_TARGET = 13.4;
				MTL_ENABLE_DEBUG_INFO = INCLUDE_SOURCE;
				MTL_FAST_MATH = YES;
				ONLY_ACTIVE_ARCH = YES;
				SDKROOT = iphoneos;
				SWIFT_ACTIVE_COMPILATION_CONDITIONS = DEBUG;
				SWIFT_OPTIMIZATION_LEVEL = "-Onone";
			};
			name = Debug;
		};
		3E13D55F24D65E4600022542 /* Release */ = {
			isa = XCBuildConfiguration;
			buildSettings = {
				ALWAYS_SEARCH_USER_PATHS = NO;
				CLANG_ANALYZER_NONNULL = YES;
				CLANG_ANALYZER_NUMBER_OBJECT_CONVERSION = YES_AGGRESSIVE;
				CLANG_CXX_LANGUAGE_STANDARD = "gnu++14";
				CLANG_CXX_LIBRARY = "libc++";
				CLANG_ENABLE_MODULES = YES;
				CLANG_ENABLE_OBJC_ARC = YES;
				CLANG_ENABLE_OBJC_WEAK = YES;
				CLANG_WARN_BLOCK_CAPTURE_AUTORELEASING = YES;
				CLANG_WARN_BOOL_CONVERSION = YES;
				CLANG_WARN_COMMA = YES;
				CLANG_WARN_CONSTANT_CONVERSION = YES;
				CLANG_WARN_DEPRECATED_OBJC_IMPLEMENTATIONS = YES;
				CLANG_WARN_DIRECT_OBJC_ISA_USAGE = YES_ERROR;
				CLANG_WARN_DOCUMENTATION_COMMENTS = YES;
				CLANG_WARN_EMPTY_BODY = YES;
				CLANG_WARN_ENUM_CONVERSION = YES;
				CLANG_WARN_INFINITE_RECURSION = YES;
				CLANG_WARN_INT_CONVERSION = YES;
				CLANG_WARN_NON_LITERAL_NULL_CONVERSION = YES;
				CLANG_WARN_OBJC_IMPLICIT_RETAIN_SELF = YES;
				CLANG_WARN_OBJC_LITERAL_CONVERSION = YES;
				CLANG_WARN_OBJC_ROOT_CLASS = YES_ERROR;
				CLANG_WARN_RANGE_LOOP_ANALYSIS = YES;
				CLANG_WARN_STRICT_PROTOTYPES = YES;
				CLANG_WARN_SUSPICIOUS_MOVE = YES;
				CLANG_WARN_UNGUARDED_AVAILABILITY = YES_AGGRESSIVE;
				CLANG_WARN_UNREACHABLE_CODE = YES;
				CLANG_WARN__DUPLICATE_METHOD_MATCH = YES;
				COPY_PHASE_STRIP = NO;
				DEBUG_INFORMATION_FORMAT = "dwarf-with-dsym";
				ENABLE_NS_ASSERTIONS = NO;
				ENABLE_STRICT_OBJC_MSGSEND = YES;
				GCC_C_LANGUAGE_STANDARD = gnu11;
				GCC_NO_COMMON_BLOCKS = YES;
				GCC_WARN_64_TO_32_BIT_CONVERSION = YES;
				GCC_WARN_ABOUT_RETURN_TYPE = YES_ERROR;
				GCC_WARN_UNDECLARED_SELECTOR = YES;
				GCC_WARN_UNINITIALIZED_AUTOS = YES_AGGRESSIVE;
				GCC_WARN_UNUSED_FUNCTION = YES;
				GCC_WARN_UNUSED_VARIABLE = YES;
				IPHONEOS_DEPLOYMENT_TARGET = 13.4;
				MTL_ENABLE_DEBUG_INFO = NO;
				MTL_FAST_MATH = YES;
				SDKROOT = iphoneos;
				SWIFT_COMPILATION_MODE = wholemodule;
				SWIFT_OPTIMIZATION_LEVEL = "-O";
				VALIDATE_PRODUCT = YES;
			};
			name = Release;
		};
		3E13D56124D65E4600022542 /* Debug */ = {
			isa = XCBuildConfiguration;
			buildSettings = {
				ASSETCATALOG_COMPILER_APPICON_NAME = AppIcon;
				CODE_SIGN_STYLE = Automatic;
				INFOPLIST_FILE = MyRecords/Info.plist;
				LD_RUNPATH_SEARCH_PATHS = (
					"$(inherited)",
					"@executable_path/Frameworks",
				);
				PRODUCT_BUNDLE_IDENTIFIER = demo.sumeet.onescan.MyRecords;
				PRODUCT_NAME = "$(TARGET_NAME)";
				SWIFT_VERSION = 5.0;
				TARGETED_DEVICE_FAMILY = "1,2";
			};
			name = Debug;
		};
		3E13D56224D65E4600022542 /* Release */ = {
			isa = XCBuildConfiguration;
			buildSettings = {
				ASSETCATALOG_COMPILER_APPICON_NAME = AppIcon;
				CODE_SIGN_STYLE = Automatic;
				INFOPLIST_FILE = MyRecords/Info.plist;
				LD_RUNPATH_SEARCH_PATHS = (
					"$(inherited)",
					"@executable_path/Frameworks",
				);
				PRODUCT_BUNDLE_IDENTIFIER = demo.sumeet.onescan.MyRecords;
				PRODUCT_NAME = "$(TARGET_NAME)";
				SWIFT_VERSION = 5.0;
				TARGETED_DEVICE_FAMILY = "1,2";
			};
			name = Release;
		};
		3E13D56424D65E4600022542 /* Debug */ = {
			isa = XCBuildConfiguration;
			buildSettings = {
				ALWAYS_EMBED_SWIFT_STANDARD_LIBRARIES = YES;
				BUNDLE_LOADER = "$(TEST_HOST)";
				CODE_SIGN_STYLE = Automatic;
				INFOPLIST_FILE = MyRecordsTests/Info.plist;
				IPHONEOS_DEPLOYMENT_TARGET = 13.4;
				LD_RUNPATH_SEARCH_PATHS = (
					"$(inherited)",
					"@executable_path/Frameworks",
					"@loader_path/Frameworks",
				);
				PRODUCT_BUNDLE_IDENTIFIER = demo.sumeet.onescan.MyRecordsTests;
				PRODUCT_NAME = "$(TARGET_NAME)";
				SWIFT_VERSION = 5.0;
				TARGETED_DEVICE_FAMILY = "1,2";
				TEST_HOST = "$(BUILT_PRODUCTS_DIR)/MyRecords.app/MyRecords";
			};
			name = Debug;
		};
		3E13D56524D65E4600022542 /* Release */ = {
			isa = XCBuildConfiguration;
			buildSettings = {
				ALWAYS_EMBED_SWIFT_STANDARD_LIBRARIES = YES;
				BUNDLE_LOADER = "$(TEST_HOST)";
				CODE_SIGN_STYLE = Automatic;
				INFOPLIST_FILE = MyRecordsTests/Info.plist;
				IPHONEOS_DEPLOYMENT_TARGET = 13.4;
				LD_RUNPATH_SEARCH_PATHS = (
					"$(inherited)",
					"@executable_path/Frameworks",
					"@loader_path/Frameworks",
				);
				PRODUCT_BUNDLE_IDENTIFIER = demo.sumeet.onescan.MyRecordsTests;
				PRODUCT_NAME = "$(TARGET_NAME)";
				SWIFT_VERSION = 5.0;
				TARGETED_DEVICE_FAMILY = "1,2";
				TEST_HOST = "$(BUILT_PRODUCTS_DIR)/MyRecords.app/MyRecords";
			};
			name = Release;
		};
		3E13D56724D65E4600022542 /* Debug */ = {
			isa = XCBuildConfiguration;
			buildSettings = {
				ALWAYS_EMBED_SWIFT_STANDARD_LIBRARIES = YES;
				CODE_SIGN_STYLE = Automatic;
				INFOPLIST_FILE = MyRecordsUITests/Info.plist;
				LD_RUNPATH_SEARCH_PATHS = (
					"$(inherited)",
					"@executable_path/Frameworks",
					"@loader_path/Frameworks",
				);
				PRODUCT_BUNDLE_IDENTIFIER = demo.sumeet.onescan.MyRecordsUITests;
				PRODUCT_NAME = "$(TARGET_NAME)";
				SWIFT_VERSION = 5.0;
				TARGETED_DEVICE_FAMILY = "1,2";
				TEST_TARGET_NAME = MyRecords;
			};
			name = Debug;
		};
		3E13D56824D65E4600022542 /* Release */ = {
			isa = XCBuildConfiguration;
			buildSettings = {
				ALWAYS_EMBED_SWIFT_STANDARD_LIBRARIES = YES;
				CODE_SIGN_STYLE = Automatic;
				INFOPLIST_FILE = MyRecordsUITests/Info.plist;
				LD_RUNPATH_SEARCH_PATHS = (
					"$(inherited)",
					"@executable_path/Frameworks",
					"@loader_path/Frameworks",
				);
				PRODUCT_BUNDLE_IDENTIFIER = demo.sumeet.onescan.MyRecordsUITests;
				PRODUCT_NAME = "$(TARGET_NAME)";
				SWIFT_VERSION = 5.0;
				TARGETED_DEVICE_FAMILY = "1,2";
				TEST_TARGET_NAME = MyRecords;
			};
			name = Release;
		};
/* End XCBuildConfiguration section */

/* Begin XCConfigurationList section */
		3E13D52E24D65E4300022542 /* Build configuration list for PBXProject "MyRecords" */ = {
			isa = XCConfigurationList;
			buildConfigurations = (
				3E13D55E24D65E4600022542 /* Debug */,
				3E13D55F24D65E4600022542 /* Release */,
			);
			defaultConfigurationIsVisible = 0;
			defaultConfigurationName = Release;
		};
		3E13D56024D65E4600022542 /* Build configuration list for PBXNativeTarget "MyRecords" */ = {
			isa = XCConfigurationList;
			buildConfigurations = (
				3E13D56124D65E4600022542 /* Debug */,
				3E13D56224D65E4600022542 /* Release */,
			);
			defaultConfigurationIsVisible = 0;
			defaultConfigurationName = Release;
		};
		3E13D56324D65E4600022542 /* Build configuration list for PBXNativeTarget "MyRecordsTests" */ = {
			isa = XCConfigurationList;
			buildConfigurations = (
				3E13D56424D65E4600022542 /* Debug */,
				3E13D56524D65E4600022542 /* Release */,
			);
			defaultConfigurationIsVisible = 0;
			defaultConfigurationName = Release;
		};
		3E13D56624D65E4600022542 /* Build configuration list for PBXNativeTarget "MyRecordsUITests" */ = {
			isa = XCConfigurationList;
			buildConfigurations = (
				3E13D56724D65E4600022542 /* Debug */,
				3E13D56824D65E4600022542 /* Release */,
			);
			defaultConfigurationIsVisible = 0;
			defaultConfigurationName = Release;
		};
/* End XCConfigurationList section */

/* Begin XCVersionGroup section */
		3E13D53F24D65E4400022542 /* MyRecords.xcdatamodeld */ = {
			isa = XCVersionGroup;
			children = (
				3E13D54024D65E4400022542 /* MyRecords.xcdatamodel */,
			);
			currentVersion = 3E13D54024D65E4400022542 /* MyRecords.xcdatamodel */;
			path = MyRecords.xcdatamodeld;
			sourceTree = "<group>";
			versionGroupType = wrapper.xcdatamodel;
		};
/* End XCVersionGroup section */
	};
	rootObject = 3E13D52B24D65E4300022542 /* Project object */;
}
